// !$*UTF8*$!
{
	archiveVersion = 1;
	classes = {
	};
	objectVersion = 51;
	objects = {

/* Begin PBXBuildFile section */
		BCFB0DACD86FC833810DCB77 /* Pods_QYSMobSDKDemo.framework in Frameworks */ = {isa = PBXBuildFile; fileRef = 44BA1ED24436DFEC33CC4DBA /* Pods_QYSMobSDKDemo.framework */; };
		FB0A4BAE2730D520004A4BE2 /* AppTrackingTransparency.framework in Frameworks */ = {isa = PBXBuildFile; fileRef = FB0A4BAD2730D520004A4BE2 /* AppTrackingTransparency.framework */; };
		FB0A4BB02730D525004A4BE2 /* Accelerate.framework in Frameworks */ = {isa = PBXBuildFile; fileRef = FB0A4BAF2730D525004A4BE2 /* Accelerate.framework */; };
		FB0A4BB22730D52D004A4BE2 /* AddressBook.framework in Frameworks */ = {isa = PBXBuildFile; fileRef = FB0A4BB12730D52C004A4BE2 /* AddressBook.framework */; };
		FB0A4BB42730D532004A4BE2 /* AdSupport.framework in Frameworks */ = {isa = PBXBuildFile; fileRef = FB0A4BB32730D532004A4BE2 /* AdSupport.framework */; };
		FB0A4BB62730D560004A4BE2 /* AssetsLibrary.framework in Frameworks */ = {isa = PBXBuildFile; fileRef = FB0A4BB52730D560004A4BE2 /* AssetsLibrary.framework */; };
		FB0A4BB82730D565004A4BE2 /* AudioToolbox.framework in Frameworks */ = {isa = PBXBuildFile; fileRef = FB0A4BB72730D565004A4BE2 /* AudioToolbox.framework */; };
		FB0A4BBA2730D56A004A4BE2 /* AVFoundation.framework in Frameworks */ = {isa = PBXBuildFile; fileRef = FB0A4BB92730D56A004A4BE2 /* AVFoundation.framework */; };
		FB0A4BBC2730D570004A4BE2 /* AVKit.framework in Frameworks */ = {isa = PBXBuildFile; fileRef = FB0A4BBB2730D56F004A4BE2 /* AVKit.framework */; };
		FB0A4BBE2730D575004A4BE2 /* CoreData.framework in Frameworks */ = {isa = PBXBuildFile; fileRef = FB0A4BBD2730D575004A4BE2 /* CoreData.framework */; };
		FB0A4BC02730D57A004A4BE2 /* CoreGraphics.framework in Frameworks */ = {isa = PBXBuildFile; fileRef = FB0A4BBF2730D57A004A4BE2 /* CoreGraphics.framework */; };
		FB0A4BC22730D57E004A4BE2 /* CoreImage.framework in Frameworks */ = {isa = PBXBuildFile; fileRef = FB0A4BC12730D57E004A4BE2 /* CoreImage.framework */; };
		FB0A4BC42730D587004A4BE2 /* CoreLocation.framework in Frameworks */ = {isa = PBXBuildFile; fileRef = FB0A4BC32730D587004A4BE2 /* CoreLocation.framework */; };
		FB0A4BC62730D58D004A4BE2 /* CoreMedia.framework in Frameworks */ = {isa = PBXBuildFile; fileRef = FB0A4BC52730D58D004A4BE2 /* CoreMedia.framework */; };
		FB0A4BC82730D595004A4BE2 /* CoreMotion.framework in Frameworks */ = {isa = PBXBuildFile; fileRef = FB0A4BC72730D595004A4BE2 /* CoreMotion.framework */; };
		FB0A4BCA2730D626004A4BE2 /* CoreServices.framework in Frameworks */ = {isa = PBXBuildFile; fileRef = FB0A4BC92730D626004A4BE2 /* CoreServices.framework */; };
		FB0A4BCC2730D62B004A4BE2 /* CoreTelephony.framework in Frameworks */ = {isa = PBXBuildFile; fileRef = FB0A4BCB2730D62B004A4BE2 /* CoreTelephony.framework */; };
		FB0A4BCE2730D630004A4BE2 /* CoreText.framework in Frameworks */ = {isa = PBXBuildFile; fileRef = FB0A4BCD2730D630004A4BE2 /* CoreText.framework */; };
		FB0A4BD02730D637004A4BE2 /* Foundation.framework in Frameworks */ = {isa = PBXBuildFile; fileRef = FB0A4BCF2730D637004A4BE2 /* Foundation.framework */; };
		FB0A4BD22730D63D004A4BE2 /* ImageIO.framework in Frameworks */ = {isa = PBXBuildFile; fileRef = FB0A4BD12730D63D004A4BE2 /* ImageIO.framework */; };
		FB0A4BD42730D642004A4BE2 /* JavaScriptCore.framework in Frameworks */ = {isa = PBXBuildFile; fileRef = FB0A4BD32730D642004A4BE2 /* JavaScriptCore.framework */; };
		FB0A4BD62730D647004A4BE2 /* MapKit.framework in Frameworks */ = {isa = PBXBuildFile; fileRef = FB0A4BD52730D647004A4BE2 /* MapKit.framework */; };
		FB0A4BD82730D64C004A4BE2 /* MediaPlayer.framework in Frameworks */ = {isa = PBXBuildFile; fileRef = FB0A4BD72730D64C004A4BE2 /* MediaPlayer.framework */; };
		FB0A4BDA2730D653004A4BE2 /* MessageUI.framework in Frameworks */ = {isa = PBXBuildFile; fileRef = FB0A4BD92730D653004A4BE2 /* MessageUI.framework */; };
		FB0A4BDC2730D672004A4BE2 /* MobileCoreServices.framework in Frameworks */ = {isa = PBXBuildFile; fileRef = FB0A4BDB2730D672004A4BE2 /* MobileCoreServices.framework */; };
		FB0A4BDE2730D67A004A4BE2 /* Photos.framework in Frameworks */ = {isa = PBXBuildFile; fileRef = FB0A4BDD2730D67A004A4BE2 /* Photos.framework */; };
		FB0A4BE02730D67F004A4BE2 /* QuartzCore.framework in Frameworks */ = {isa = PBXBuildFile; fileRef = FB0A4BDF2730D67F004A4BE2 /* QuartzCore.framework */; };
		FB0A4BE22730D684004A4BE2 /* QuickLook.framework in Frameworks */ = {isa = PBXBuildFile; fileRef = FB0A4BE12730D684004A4BE2 /* QuickLook.framework */; };
		FB0A4BE42730D68A004A4BE2 /* SafariServices.framework in Frameworks */ = {isa = PBXBuildFile; fileRef = FB0A4BE32730D68A004A4BE2 /* SafariServices.framework */; };
		FB0A4BE62730D68F004A4BE2 /* Security.framework in Frameworks */ = {isa = PBXBuildFile; fileRef = FB0A4BE52730D68F004A4BE2 /* Security.framework */; };
		FB0A4BE82730D695004A4BE2 /* StoreKit.framework in Frameworks */ = {isa = PBXBuildFile; fileRef = FB0A4BE72730D695004A4BE2 /* StoreKit.framework */; };
		FB0A4BEA2730D699004A4BE2 /* SystemConfiguration.framework in Frameworks */ = {isa = PBXBuildFile; fileRef = FB0A4BE92730D699004A4BE2 /* SystemConfiguration.framework */; };
		FB0A4BEC2730D69E004A4BE2 /* UIKit.framework in Frameworks */ = {isa = PBXBuildFile; fileRef = FB0A4BEB2730D69E004A4BE2 /* UIKit.framework */; };
		FB0A4BEE2730D6A3004A4BE2 /* WebKit.framework in Frameworks */ = {isa = PBXBuildFile; fileRef = FB0A4BED2730D6A3004A4BE2 /* WebKit.framework */; };
		FB0A4BF02730D6A9004A4BE2 /* libbz2.tbd in Frameworks */ = {isa = PBXBuildFile; fileRef = FB0A4BEF2730D6A9004A4BE2 /* libbz2.tbd */; };
		FB0A4BF22730D6AF004A4BE2 /* libc++.tbd in Frameworks */ = {isa = PBXBuildFile; fileRef = FB0A4BF12730D6AF004A4BE2 /* libc++.tbd */; };
		FB0A4BF42730D6B5004A4BE2 /* libc++abi.tbd in Frameworks */ = {isa = PBXBuildFile; fileRef = FB0A4BF32730D6B5004A4BE2 /* libc++abi.tbd */; };
		FB0A4BF62730D6F1004A4BE2 /* libiconv.tbd in Frameworks */ = {isa = PBXBuildFile; fileRef = FB0A4BF52730D6F1004A4BE2 /* libiconv.tbd */; };
		FB0A4BF82730D6F5004A4BE2 /* libresolv.9.tbd in Frameworks */ = {isa = PBXBuildFile; fileRef = FB0A4BF72730D6F5004A4BE2 /* libresolv.9.tbd */; };
		FB0A4BFA2730D6FB004A4BE2 /* libresolv.tbd in Frameworks */ = {isa = PBXBuildFile; fileRef = FB0A4BF92730D6FA004A4BE2 /* libresolv.tbd */; };
		FB0A4BFC2730D700004A4BE2 /* libsqlite3.tbd in Frameworks */ = {isa = PBXBuildFile; fileRef = FB0A4BFB2730D700004A4BE2 /* libsqlite3.tbd */; };
		FB0A4BFE2730D705004A4BE2 /* libxml2.tbd in Frameworks */ = {isa = PBXBuildFile; fileRef = FB0A4BFD2730D705004A4BE2 /* libxml2.tbd */; };
		FB0A4C002730D70A004A4BE2 /* libz.tbd in Frameworks */ = {isa = PBXBuildFile; fileRef = FB0A4BFF2730D70A004A4BE2 /* libz.tbd */; };
		FB38E8FD2580750700E6D32C /* QYSAdViewController.m in Sources */ = {isa = PBXBuildFile; fileRef = FB38E8FC2580750700E6D32C /* QYSAdViewController.m */; };
		FB38E9292580778700E6D32C /* QYSToast.m in Sources */ = {isa = PBXBuildFile; fileRef = FB38E90F2580778700E6D32C /* QYSToast.m */; };
		FB38E92A2580778700E6D32C /* UIView+Toast.m in Sources */ = {isa = PBXBuildFile; fileRef = FB38E9102580778700E6D32C /* UIView+Toast.m */; };
		FB38E92B2580778700E6D32C /* QYSBaseNavigationViewController.m in Sources */ = {isa = PBXBuildFile; fileRef = FB38E9132580778700E6D32C /* QYSBaseNavigationViewController.m */; };
		FB5FC10A257DD5F300A81E81 /* QYSAppDelegate.m in Sources */ = {isa = PBXBuildFile; fileRef = FB5FC109257DD5F300A81E81 /* QYSAppDelegate.m */; };
		FB5FC113257DD5F300A81E81 /* Main.storyboard in Resources */ = {isa = PBXBuildFile; fileRef = FB5FC111257DD5F300A81E81 /* Main.storyboard */; };
		FB5FC115257DD5F500A81E81 /* Assets.xcassets in Resources */ = {isa = PBXBuildFile; fileRef = FB5FC114257DD5F500A81E81 /* Assets.xcassets */; };
		FB5FC118257DD5F500A81E81 /* LaunchScreen.storyboard in Resources */ = {isa = PBXBuildFile; fileRef = FB5FC116257DD5F500A81E81 /* LaunchScreen.storyboard */; };
		FB5FC11B257DD5F500A81E81 /* main.m in Sources */ = {isa = PBXBuildFile; fileRef = FB5FC11A257DD5F500A81E81 /* main.m */; };
/* End PBXBuildFile section */

/* Begin PBXCopyFilesBuildPhase section */
		FB88949A26C1308000DD8AA7 /* Embed Frameworks */ = {
			isa = PBXCopyFilesBuildPhase;
			buildActionMask = 2147483647;
			dstPath = "";
			dstSubfolderSpec = 10;
			files = (
			);
			name = "Embed Frameworks";
			runOnlyForDeploymentPostprocessing = 0;
		};
/* End PBXCopyFilesBuildPhase section */

/* Begin PBXFileReference section */
		44BA1ED24436DFEC33CC4DBA /* Pods_QYSMobSDKDemo.framework */ = {isa = PBXFileReference; explicitFileType = wrapper.framework; includeInIndex = 0; path = Pods_QYSMobSDKDemo.framework; sourceTree = BUILT_PRODUCTS_DIR; };
		BCF91C2077012DC663CFADA3 /* Pods-QYSMobSDKDemo.release.xcconfig */ = {isa = PBXFileReference; includeInIndex = 1; lastKnownFileType = text.xcconfig; name = "Pods-QYSMobSDKDemo.release.xcconfig"; path = "Target Support Files/Pods-QYSMobSDKDemo/Pods-QYSMobSDKDemo.release.xcconfig"; sourceTree = "<group>"; };
		F7A3EA3DB171D6BB0F93A489 /* Pods-QYSMobSDKDemo.debug.xcconfig */ = {isa = PBXFileReference; includeInIndex = 1; lastKnownFileType = text.xcconfig; name = "Pods-QYSMobSDKDemo.debug.xcconfig"; path = "Target Support Files/Pods-QYSMobSDKDemo/Pods-QYSMobSDKDemo.debug.xcconfig"; sourceTree = "<group>"; };
		FB0A4BAD2730D520004A4BE2 /* AppTrackingTransparency.framework */ = {isa = PBXFileReference; lastKnownFileType = wrapper.framework; name = AppTrackingTransparency.framework; path = System/Library/Frameworks/AppTrackingTransparency.framework; sourceTree = SDKROOT; };
		FB0A4BAF2730D525004A4BE2 /* Accelerate.framework */ = {isa = PBXFileReference; lastKnownFileType = wrapper.framework; name = Accelerate.framework; path = System/Library/Frameworks/Accelerate.framework; sourceTree = SDKROOT; };
		FB0A4BB12730D52C004A4BE2 /* AddressBook.framework */ = {isa = PBXFileReference; lastKnownFileType = wrapper.framework; name = AddressBook.framework; path = System/Library/Frameworks/AddressBook.framework; sourceTree = SDKROOT; };
		FB0A4BB32730D532004A4BE2 /* AdSupport.framework */ = {isa = PBXFileReference; lastKnownFileType = wrapper.framework; name = AdSupport.framework; path = System/Library/Frameworks/AdSupport.framework; sourceTree = SDKROOT; };
		FB0A4BB52730D560004A4BE2 /* AssetsLibrary.framework */ = {isa = PBXFileReference; lastKnownFileType = wrapper.framework; name = AssetsLibrary.framework; path = System/Library/Frameworks/AssetsLibrary.framework; sourceTree = SDKROOT; };
		FB0A4BB72730D565004A4BE2 /* AudioToolbox.framework */ = {isa = PBXFileReference; lastKnownFileType = wrapper.framework; name = AudioToolbox.framework; path = System/Library/Frameworks/AudioToolbox.framework; sourceTree = SDKROOT; };
		FB0A4BB92730D56A004A4BE2 /* AVFoundation.framework */ = {isa = PBXFileReference; lastKnownFileType = wrapper.framework; name = AVFoundation.framework; path = System/Library/Frameworks/AVFoundation.framework; sourceTree = SDKROOT; };
		FB0A4BBB2730D56F004A4BE2 /* AVKit.framework */ = {isa = PBXFileReference; lastKnownFileType = wrapper.framework; name = AVKit.framework; path = System/Library/Frameworks/AVKit.framework; sourceTree = SDKROOT; };
		FB0A4BBD2730D575004A4BE2 /* CoreData.framework */ = {isa = PBXFileReference; lastKnownFileType = wrapper.framework; name = CoreData.framework; path = System/Library/Frameworks/CoreData.framework; sourceTree = SDKROOT; };
		FB0A4BBF2730D57A004A4BE2 /* CoreGraphics.framework */ = {isa = PBXFileReference; lastKnownFileType = wrapper.framework; name = CoreGraphics.framework; path = System/Library/Frameworks/CoreGraphics.framework; sourceTree = SDKROOT; };
		FB0A4BC12730D57E004A4BE2 /* CoreImage.framework */ = {isa = PBXFileReference; lastKnownFileType = wrapper.framework; name = CoreImage.framework; path = System/Library/Frameworks/CoreImage.framework; sourceTree = SDKROOT; };
		FB0A4BC32730D587004A4BE2 /* CoreLocation.framework */ = {isa = PBXFileReference; lastKnownFileType = wrapper.framework; name = CoreLocation.framework; path = System/Library/Frameworks/CoreLocation.framework; sourceTree = SDKROOT; };
		FB0A4BC52730D58D004A4BE2 /* CoreMedia.framework */ = {isa = PBXFileReference; lastKnownFileType = wrapper.framework; name = CoreMedia.framework; path = System/Library/Frameworks/CoreMedia.framework; sourceTree = SDKROOT; };
		FB0A4BC72730D595004A4BE2 /* CoreMotion.framework */ = {isa = PBXFileReference; lastKnownFileType = wrapper.framework; name = CoreMotion.framework; path = System/Library/Frameworks/CoreMotion.framework; sourceTree = SDKROOT; };
		FB0A4BC92730D626004A4BE2 /* CoreServices.framework */ = {isa = PBXFileReference; lastKnownFileType = wrapper.framework; name = CoreServices.framework; path = System/Library/Frameworks/CoreServices.framework; sourceTree = SDKROOT; };
		FB0A4BCB2730D62B004A4BE2 /* CoreTelephony.framework */ = {isa = PBXFileReference; lastKnownFileType = wrapper.framework; name = CoreTelephony.framework; path = System/Library/Frameworks/CoreTelephony.framework; sourceTree = SDKROOT; };
		FB0A4BCD2730D630004A4BE2 /* CoreText.framework */ = {isa = PBXFileReference; lastKnownFileType = wrapper.framework; name = CoreText.framework; path = System/Library/Frameworks/CoreText.framework; sourceTree = SDKROOT; };
		FB0A4BCF2730D637004A4BE2 /* Foundation.framework */ = {isa = PBXFileReference; lastKnownFileType = wrapper.framework; name = Foundation.framework; path = System/Library/Frameworks/Foundation.framework; sourceTree = SDKROOT; };
		FB0A4BD12730D63D004A4BE2 /* ImageIO.framework */ = {isa = PBXFileReference; lastKnownFileType = wrapper.framework; name = ImageIO.framework; path = System/Library/Frameworks/ImageIO.framework; sourceTree = SDKROOT; };
		FB0A4BD32730D642004A4BE2 /* JavaScriptCore.framework */ = {isa = PBXFileReference; lastKnownFileType = wrapper.framework; name = JavaScriptCore.framework; path = System/Library/Frameworks/JavaScriptCore.framework; sourceTree = SDKROOT; };
		FB0A4BD52730D647004A4BE2 /* MapKit.framework */ = {isa = PBXFileReference; lastKnownFileType = wrapper.framework; name = MapKit.framework; path = System/Library/Frameworks/MapKit.framework; sourceTree = SDKROOT; };
		FB0A4BD72730D64C004A4BE2 /* MediaPlayer.framework */ = {isa = PBXFileReference; lastKnownFileType = wrapper.framework; name = MediaPlayer.framework; path = System/Library/Frameworks/MediaPlayer.framework; sourceTree = SDKROOT; };
		FB0A4BD92730D653004A4BE2 /* MessageUI.framework */ = {isa = PBXFileReference; lastKnownFileType = wrapper.framework; name = MessageUI.framework; path = System/Library/Frameworks/MessageUI.framework; sourceTree = SDKROOT; };
		FB0A4BDB2730D672004A4BE2 /* MobileCoreServices.framework */ = {isa = PBXFileReference; lastKnownFileType = wrapper.framework; name = MobileCoreServices.framework; path = System/Library/Frameworks/MobileCoreServices.framework; sourceTree = SDKROOT; };
		FB0A4BDD2730D67A004A4BE2 /* Photos.framework */ = {isa = PBXFileReference; lastKnownFileType = wrapper.framework; name = Photos.framework; path = System/Library/Frameworks/Photos.framework; sourceTree = SDKROOT; };
		FB0A4BDF2730D67F004A4BE2 /* QuartzCore.framework */ = {isa = PBXFileReference; lastKnownFileType = wrapper.framework; name = QuartzCore.framework; path = System/Library/Frameworks/QuartzCore.framework; sourceTree = SDKROOT; };
		FB0A4BE12730D684004A4BE2 /* QuickLook.framework */ = {isa = PBXFileReference; lastKnownFileType = wrapper.framework; name = QuickLook.framework; path = System/Library/Frameworks/QuickLook.framework; sourceTree = SDKROOT; };
		FB0A4BE32730D68A004A4BE2 /* SafariServices.framework */ = {isa = PBXFileReference; lastKnownFileType = wrapper.framework; name = SafariServices.framework; path = System/Library/Frameworks/SafariServices.framework; sourceTree = SDKROOT; };
		FB0A4BE52730D68F004A4BE2 /* Security.framework */ = {isa = PBXFileReference; lastKnownFileType = wrapper.framework; name = Security.framework; path = System/Library/Frameworks/Security.framework; sourceTree = SDKROOT; };
		FB0A4BE72730D695004A4BE2 /* StoreKit.framework */ = {isa = PBXFileReference; lastKnownFileType = wrapper.framework; name = StoreKit.framework; path = System/Library/Frameworks/StoreKit.framework; sourceTree = SDKROOT; };
		FB0A4BE92730D699004A4BE2 /* SystemConfiguration.framework */ = {isa = PBXFileReference; lastKnownFileType = wrapper.framework; name = SystemConfiguration.framework; path = System/Library/Frameworks/SystemConfiguration.framework; sourceTree = SDKROOT; };
		FB0A4BEB2730D69E004A4BE2 /* UIKit.framework */ = {isa = PBXFileReference; lastKnownFileType = wrapper.framework; name = UIKit.framework; path = System/Library/Frameworks/UIKit.framework; sourceTree = SDKROOT; };
		FB0A4BED2730D6A3004A4BE2 /* WebKit.framework */ = {isa = PBXFileReference; lastKnownFileType = wrapper.framework; name = WebKit.framework; path = System/Library/Frameworks/WebKit.framework; sourceTree = SDKROOT; };
		FB0A4BEF2730D6A9004A4BE2 /* libbz2.tbd */ = {isa = PBXFileReference; lastKnownFileType = "sourcecode.text-based-dylib-definition"; name = libbz2.tbd; path = usr/lib/libbz2.tbd; sourceTree = SDKROOT; };
		FB0A4BF12730D6AF004A4BE2 /* libc++.tbd */ = {isa = PBXFileReference; lastKnownFileType = "sourcecode.text-based-dylib-definition"; name = "libc++.tbd"; path = "usr/lib/libc++.tbd"; sourceTree = SDKROOT; };
		FB0A4BF32730D6B5004A4BE2 /* libc++abi.tbd */ = {isa = PBXFileReference; lastKnownFileType = "sourcecode.text-based-dylib-definition"; name = "libc++abi.tbd"; path = "usr/lib/libc++abi.tbd"; sourceTree = SDKROOT; };
		FB0A4BF52730D6F1004A4BE2 /* libiconv.tbd */ = {isa = PBXFileReference; lastKnownFileType = "sourcecode.text-based-dylib-definition"; name = libiconv.tbd; path = usr/lib/libiconv.tbd; sourceTree = SDKROOT; };
		FB0A4BF72730D6F5004A4BE2 /* libresolv.9.tbd */ = {isa = PBXFileReference; lastKnownFileType = "sourcecode.text-based-dylib-definition"; name = libresolv.9.tbd; path = usr/lib/libresolv.9.tbd; sourceTree = SDKROOT; };
		FB0A4BF92730D6FA004A4BE2 /* libresolv.tbd */ = {isa = PBXFileReference; lastKnownFileType = "sourcecode.text-based-dylib-definition"; name = libresolv.tbd; path = usr/lib/libresolv.tbd; sourceTree = SDKROOT; };
		FB0A4BFB2730D700004A4BE2 /* libsqlite3.tbd */ = {isa = PBXFileReference; lastKnownFileType = "sourcecode.text-based-dylib-definition"; name = libsqlite3.tbd; path = usr/lib/libsqlite3.tbd; sourceTree = SDKROOT; };
		FB0A4BFD2730D705004A4BE2 /* libxml2.tbd */ = {isa = PBXFileReference; lastKnownFileType = "sourcecode.text-based-dylib-definition"; name = libxml2.tbd; path = usr/lib/libxml2.tbd; sourceTree = SDKROOT; };
		FB0A4BFF2730D70A004A4BE2 /* libz.tbd */ = {isa = PBXFileReference; lastKnownFileType = "sourcecode.text-based-dylib-definition"; name = libz.tbd; path = usr/lib/libz.tbd; sourceTree = SDKROOT; };
		FB38E8FB2580750700E6D32C /* QYSAdViewController.h */ = {isa = PBXFileReference; fileEncoding = 4; lastKnownFileType = sourcecode.c.h; path = QYSAdViewController.h; sourceTree = "<group>"; };
		FB38E8FC2580750700E6D32C /* QYSAdViewController.m */ = {isa = PBXFileReference; fileEncoding = 4; lastKnownFileType = sourcecode.c.objc; path = QYSAdViewController.m; sourceTree = "<group>"; };
		FB38E90D2580778700E6D32C /* QYSToast.h */ = {isa = PBXFileReference; fileEncoding = 4; lastKnownFileType = sourcecode.c.h; path = QYSToast.h; sourceTree = "<group>"; };
		FB38E90E2580778700E6D32C /* UIView+Toast.h */ = {isa = PBXFileReference; fileEncoding = 4; lastKnownFileType = sourcecode.c.h; path = "UIView+Toast.h"; sourceTree = "<group>"; };
		FB38E90F2580778700E6D32C /* QYSToast.m */ = {isa = PBXFileReference; fileEncoding = 4; lastKnownFileType = sourcecode.c.objc; path = QYSToast.m; sourceTree = "<group>"; };
		FB38E9102580778700E6D32C /* UIView+Toast.m */ = {isa = PBXFileReference; fileEncoding = 4; lastKnownFileType = sourcecode.c.objc; path = "UIView+Toast.m"; sourceTree = "<group>"; };
		FB38E9122580778700E6D32C /* QYSBaseNavigationViewController.h */ = {isa = PBXFileReference; fileEncoding = 4; lastKnownFileType = sourcecode.c.h; path = QYSBaseNavigationViewController.h; sourceTree = "<group>"; };
		FB38E9132580778700E6D32C /* QYSBaseNavigationViewController.m */ = {isa = PBXFileReference; fileEncoding = 4; lastKnownFileType = sourcecode.c.objc; path = QYSBaseNavigationViewController.m; sourceTree = "<group>"; };
		FB3B77B3257F6DF60010D139 /* zh-Hans */ = {isa = PBXFileReference; lastKnownFileType = text.plist.strings; name = "zh-Hans"; path = "zh-Hans.lproj/Main.strings"; sourceTree = "<group>"; };
		FB3B77B4257F6DFB0010D139 /* zh-Hans */ = {isa = PBXFileReference; lastKnownFileType = text.plist.strings; name = "zh-Hans"; path = "zh-Hans.lproj/LaunchScreen.strings"; sourceTree = "<group>"; };
		FB5FC105257DD5F300A81E81 /* QYSMobSDKDemo.app */ = {isa = PBXFileReference; explicitFileType = wrapper.application; includeInIndex = 0; path = QYSMobSDKDemo.app; sourceTree = BUILT_PRODUCTS_DIR; };
		FB5FC108257DD5F300A81E81 /* QYSAppDelegate.h */ = {isa = PBXFileReference; lastKnownFileType = sourcecode.c.h; path = QYSAppDelegate.h; sourceTree = "<group>"; };
		FB5FC109257DD5F300A81E81 /* QYSAppDelegate.m */ = {isa = PBXFileReference; lastKnownFileType = sourcecode.c.objc; path = QYSAppDelegate.m; sourceTree = "<group>"; };
		FB5FC112257DD5F300A81E81 /* Base */ = {isa = PBXFileReference; lastKnownFileType = file.storyboard; name = Base; path = Base.lproj/Main.storyboard; sourceTree = "<group>"; };
		FB5FC114257DD5F500A81E81 /* Assets.xcassets */ = {isa = PBXFileReference; lastKnownFileType = folder.assetcatalog; path = Assets.xcassets; sourceTree = "<group>"; };
		FB5FC117257DD5F500A81E81 /* Base */ = {isa = PBXFileReference; lastKnownFileType = file.storyboard; name = Base; path = Base.lproj/LaunchScreen.storyboard; sourceTree = "<group>"; };
		FB5FC119257DD5F500A81E81 /* Info.plist */ = {isa = PBXFileReference; lastKnownFileType = text.plist.xml; path = Info.plist; sourceTree = "<group>"; };
		FB5FC11A257DD5F500A81E81 /* main.m */ = {isa = PBXFileReference; lastKnownFileType = sourcecode.c.objc; path = main.m; sourceTree = "<group>"; };
		FBB3FAA3257DF72800820C07 /* PrefixHeader_QYSMobDemo.pch */ = {isa = PBXFileReference; lastKnownFileType = sourcecode.c.h; path = PrefixHeader_QYSMobDemo.pch; sourceTree = "<group>"; };
/* End PBXFileReference section */

/* Begin PBXFrameworksBuildPhase section */
		FB5FC102257DD5F300A81E81 /* Frameworks */ = {
			isa = PBXFrameworksBuildPhase;
			buildActionMask = 2147483647;
			files = (
				FB0A4C002730D70A004A4BE2 /* libz.tbd in Frameworks */,
				FB0A4BFE2730D705004A4BE2 /* libxml2.tbd in Frameworks */,
				FB0A4BFC2730D700004A4BE2 /* libsqlite3.tbd in Frameworks */,
				FB0A4BFA2730D6FB004A4BE2 /* libresolv.tbd in Frameworks */,
				FB0A4BF82730D6F5004A4BE2 /* libresolv.9.tbd in Frameworks */,
				FB0A4BF62730D6F1004A4BE2 /* libiconv.tbd in Frameworks */,
				FB0A4BF42730D6B5004A4BE2 /* libc++abi.tbd in Frameworks */,
				FB0A4BF22730D6AF004A4BE2 /* libc++.tbd in Frameworks */,
				FB0A4BF02730D6A9004A4BE2 /* libbz2.tbd in Frameworks */,
				FB0A4BEE2730D6A3004A4BE2 /* WebKit.framework in Frameworks */,
				FB0A4BEC2730D69E004A4BE2 /* UIKit.framework in Frameworks */,
				FB0A4BEA2730D699004A4BE2 /* SystemConfiguration.framework in Frameworks */,
				FB0A4BE82730D695004A4BE2 /* StoreKit.framework in Frameworks */,
				FB0A4BE62730D68F004A4BE2 /* Security.framework in Frameworks */,
				FB0A4BE42730D68A004A4BE2 /* SafariServices.framework in Frameworks */,
				FB0A4BE22730D684004A4BE2 /* QuickLook.framework in Frameworks */,
				FB0A4BE02730D67F004A4BE2 /* QuartzCore.framework in Frameworks */,
				FB0A4BDE2730D67A004A4BE2 /* Photos.framework in Frameworks */,
				FB0A4BDC2730D672004A4BE2 /* MobileCoreServices.framework in Frameworks */,
				FB0A4BDA2730D653004A4BE2 /* MessageUI.framework in Frameworks */,
				FB0A4BD82730D64C004A4BE2 /* MediaPlayer.framework in Frameworks */,
				FB0A4BD62730D647004A4BE2 /* MapKit.framework in Frameworks */,
				FB0A4BD42730D642004A4BE2 /* JavaScriptCore.framework in Frameworks */,
				FB0A4BD22730D63D004A4BE2 /* ImageIO.framework in Frameworks */,
				FB0A4BD02730D637004A4BE2 /* Foundation.framework in Frameworks */,
				FB0A4BCE2730D630004A4BE2 /* CoreText.framework in Frameworks */,
				FB0A4BCC2730D62B004A4BE2 /* CoreTelephony.framework in Frameworks */,
				FB0A4BCA2730D626004A4BE2 /* CoreServices.framework in Frameworks */,
				FB0A4BC82730D595004A4BE2 /* CoreMotion.framework in Frameworks */,
				FB0A4BC62730D58D004A4BE2 /* CoreMedia.framework in Frameworks */,
				FB0A4BC42730D587004A4BE2 /* CoreLocation.framework in Frameworks */,
				FB0A4BC22730D57E004A4BE2 /* CoreImage.framework in Frameworks */,
				FB0A4BC02730D57A004A4BE2 /* CoreGraphics.framework in Frameworks */,
				FB0A4BBE2730D575004A4BE2 /* CoreData.framework in Frameworks */,
				FB0A4BBC2730D570004A4BE2 /* AVKit.framework in Frameworks */,
				FB0A4BBA2730D56A004A4BE2 /* AVFoundation.framework in Frameworks */,
				FB0A4BB82730D565004A4BE2 /* AudioToolbox.framework in Frameworks */,
				FB0A4BB62730D560004A4BE2 /* AssetsLibrary.framework in Frameworks */,
				FB0A4BB42730D532004A4BE2 /* AdSupport.framework in Frameworks */,
				FB0A4BB22730D52D004A4BE2 /* AddressBook.framework in Frameworks */,
				FB0A4BB02730D525004A4BE2 /* Accelerate.framework in Frameworks */,
				FB0A4BAE2730D520004A4BE2 /* AppTrackingTransparency.framework in Frameworks */,
				BCFB0DACD86FC833810DCB77 /* Pods_QYSMobSDKDemo.framework in Frameworks */,
			);
			runOnlyForDeploymentPostprocessing = 0;
		};
/* End PBXFrameworksBuildPhase section */

/* Begin PBXGroup section */
		EDC785C609906238CDF3B529 /* Pods */ = {
			isa = PBXGroup;
			children = (
				F7A3EA3DB171D6BB0F93A489 /* Pods-QYSMobSDKDemo.debug.xcconfig */,
				BCF91C2077012DC663CFADA3 /* Pods-QYSMobSDKDemo.release.xcconfig */,
			);
			path = Pods;
			sourceTree = "<group>";
		};
		FB38E90A2580778700E6D32C /* Classes */ = {
			isa = PBXGroup;
			children = (
				FB38E90B2580778700E6D32C /* Tools */,
				FB38E9112580778700E6D32C /* QYSBase */,
			);
			path = Classes;
			sourceTree = "<group>";
		};
		FB38E90B2580778700E6D32C /* Tools */ = {
			isa = PBXGroup;
			children = (
				FB38E90C2580778700E6D32C /* Toast */,
			);
			path = Tools;
			sourceTree = "<group>";
		};
		FB38E90C2580778700E6D32C /* Toast */ = {
			isa = PBXGroup;
			children = (
				FB38E90D2580778700E6D32C /* QYSToast.h */,
				FB38E90F2580778700E6D32C /* QYSToast.m */,
				FB38E90E2580778700E6D32C /* UIView+Toast.h */,
				FB38E9102580778700E6D32C /* UIView+Toast.m */,
			);
			path = Toast;
			sourceTree = "<group>";
		};
		FB38E9112580778700E6D32C /* QYSBase */ = {
			isa = PBXGroup;
			children = (
				FB38E9122580778700E6D32C /* QYSBaseNavigationViewController.h */,
				FB38E9132580778700E6D32C /* QYSBaseNavigationViewController.m */,
			);
			path = QYSBase;
			sourceTree = "<group>";
		};
		FB38E93A25809ED000E6D32C /* Frameworks */ = {
			isa = PBXGroup;
			children = (
				FB0A4BFF2730D70A004A4BE2 /* libz.tbd */,
				FB0A4BFD2730D705004A4BE2 /* libxml2.tbd */,
				FB0A4BFB2730D700004A4BE2 /* libsqlite3.tbd */,
				FB0A4BF92730D6FA004A4BE2 /* libresolv.tbd */,
				FB0A4BF72730D6F5004A4BE2 /* libresolv.9.tbd */,
				FB0A4BF52730D6F1004A4BE2 /* libiconv.tbd */,
				FB0A4BF32730D6B5004A4BE2 /* libc++abi.tbd */,
				FB0A4BF12730D6AF004A4BE2 /* libc++.tbd */,
				FB0A4BEF2730D6A9004A4BE2 /* libbz2.tbd */,
				FB0A4BED2730D6A3004A4BE2 /* WebKit.framework */,
				FB0A4BEB2730D69E004A4BE2 /* UIKit.framework */,
				FB0A4BE92730D699004A4BE2 /* SystemConfiguration.framework */,
				FB0A4BE72730D695004A4BE2 /* StoreKit.framework */,
				FB0A4BE52730D68F004A4BE2 /* Security.framework */,
				FB0A4BE32730D68A004A4BE2 /* SafariServices.framework */,
				FB0A4BE12730D684004A4BE2 /* QuickLook.framework */,
				FB0A4BDF2730D67F004A4BE2 /* QuartzCore.framework */,
				FB0A4BDD2730D67A004A4BE2 /* Photos.framework */,
				FB0A4BDB2730D672004A4BE2 /* MobileCoreServices.framework */,
				FB0A4BD92730D653004A4BE2 /* MessageUI.framework */,
				FB0A4BD72730D64C004A4BE2 /* MediaPlayer.framework */,
				FB0A4BD52730D647004A4BE2 /* MapKit.framework */,
				FB0A4BD32730D642004A4BE2 /* JavaScriptCore.framework */,
				FB0A4BD12730D63D004A4BE2 /* ImageIO.framework */,
				FB0A4BCF2730D637004A4BE2 /* Foundation.framework */,
				FB0A4BCD2730D630004A4BE2 /* CoreText.framework */,
				FB0A4BCB2730D62B004A4BE2 /* CoreTelephony.framework */,
				FB0A4BC92730D626004A4BE2 /* CoreServices.framework */,
				FB0A4BC72730D595004A4BE2 /* CoreMotion.framework */,
				FB0A4BC52730D58D004A4BE2 /* CoreMedia.framework */,
				FB0A4BC32730D587004A4BE2 /* CoreLocation.framework */,
				FB0A4BC12730D57E004A4BE2 /* CoreImage.framework */,
				FB0A4BBF2730D57A004A4BE2 /* CoreGraphics.framework */,
				FB0A4BBD2730D575004A4BE2 /* CoreData.framework */,
				FB0A4BBB2730D56F004A4BE2 /* AVKit.framework */,
				FB0A4BB92730D56A004A4BE2 /* AVFoundation.framework */,
				FB0A4BB72730D565004A4BE2 /* AudioToolbox.framework */,
				FB0A4BB52730D560004A4BE2 /* AssetsLibrary.framework */,
				FB0A4BB32730D532004A4BE2 /* AdSupport.framework */,
				FB0A4BB12730D52C004A4BE2 /* AddressBook.framework */,
				FB0A4BAF2730D525004A4BE2 /* Accelerate.framework */,
				FB0A4BAD2730D520004A4BE2 /* AppTrackingTransparency.framework */,
				44BA1ED24436DFEC33CC4DBA /* Pods_QYSMobSDKDemo.framework */,
			);
			name = Frameworks;
			sourceTree = "<group>";
		};
		FB5FC0FC257DD5F300A81E81 = {
			isa = PBXGroup;
			children = (
				FB5FC107257DD5F300A81E81 /* QYSMobSDKDemo */,
				FB5FC106257DD5F300A81E81 /* Products */,
				FB38E93A25809ED000E6D32C /* Frameworks */,
				EDC785C609906238CDF3B529 /* Pods */,
			);
			sourceTree = "<group>";
		};
		FB5FC106257DD5F300A81E81 /* Products */ = {
			isa = PBXGroup;
			children = (
				FB5FC105257DD5F300A81E81 /* QYSMobSDKDemo.app */,
			);
			name = Products;
			sourceTree = "<group>";
		};
		FB5FC107257DD5F300A81E81 /* QYSMobSDKDemo */ = {
			isa = PBXGroup;
			children = (
				FB38E90A2580778700E6D32C /* Classes */,
				FB5FC108257DD5F300A81E81 /* QYSAppDelegate.h */,
				FB5FC109257DD5F300A81E81 /* QYSAppDelegate.m */,
				FB38E8FB2580750700E6D32C /* QYSAdViewController.h */,
				FB38E8FC2580750700E6D32C /* QYSAdViewController.m */,
				FBB3FAA3257DF72800820C07 /* PrefixHeader_QYSMobDemo.pch */,
				FB5FC111257DD5F300A81E81 /* Main.storyboard */,
				FB5FC114257DD5F500A81E81 /* Assets.xcassets */,
				FB5FC116257DD5F500A81E81 /* LaunchScreen.storyboard */,
				FB5FC119257DD5F500A81E81 /* Info.plist */,
				FB5FC11A257DD5F500A81E81 /* main.m */,
			);
			path = QYSMobSDKDemo;
			sourceTree = "<group>";
		};
/* End PBXGroup section */

/* Begin PBXNativeTarget section */
		FB5FC104257DD5F300A81E81 /* QYSMobSDKDemo */ = {
			isa = PBXNativeTarget;
			buildConfigurationList = FB5FC11E257DD5F500A81E81 /* Build configuration list for PBXNativeTarget "QYSMobSDKDemo" */;
			buildPhases = (
				373A0F0EB2C18C77E167B1F3 /* [CP] Check Pods Manifest.lock */,
				FB5FC101257DD5F300A81E81 /* Sources */,
				FB5FC102257DD5F300A81E81 /* Frameworks */,
				FB5FC103257DD5F300A81E81 /* Resources */,
				FB88949A26C1308000DD8AA7 /* Embed Frameworks */,
				219465E591F66D6B0BB89A95 /* [CP] Copy Pods Resources */,
			);
			buildRules = (
			);
			dependencies = (
			);
			name = QYSMobSDKDemo;
			productName = QYSMobSDKDemo;
			productReference = FB5FC105257DD5F300A81E81 /* QYSMobSDKDemo.app */;
			productType = "com.apple.product-type.application";
		};
/* End PBXNativeTarget section */

/* Begin PBXProject section */
		FB5FC0FD257DD5F300A81E81 /* Project object */ = {
			isa = PBXProject;
			attributes = {
				CLASSPREFIX = QYS;
				LastUpgradeCheck = 1220;
				TargetAttributes = {
					FB5FC104257DD5F300A81E81 = {
						CreatedOnToolsVersion = 12.2;
					};
				};
			};
			buildConfigurationList = FB5FC100257DD5F300A81E81 /* Build configuration list for PBXProject "QYSMobSDKDemo" */;
			compatibilityVersion = "Xcode 9.3";
			developmentRegion = en;
			hasScannedForEncodings = 0;
			knownRegions = (
				en,
				Base,
				"zh-Hans",
			);
			mainGroup = FB5FC0FC257DD5F300A81E81;
			productRefGroup = FB5FC106257DD5F300A81E81 /* Products */;
			projectDirPath = "";
			projectRoot = "";
			targets = (
				FB5FC104257DD5F300A81E81 /* QYSMobSDKDemo */,
			);
		};
/* End PBXProject section */

/* Begin PBXResourcesBuildPhase section */
		FB5FC103257DD5F300A81E81 /* Resources */ = {
			isa = PBXResourcesBuildPhase;
			buildActionMask = 2147483647;
			files = (
				FB5FC118257DD5F500A81E81 /* LaunchScreen.storyboard in Resources */,
				FB5FC115257DD5F500A81E81 /* Assets.xcassets in Resources */,
				FB5FC113257DD5F300A81E81 /* Main.storyboard in Resources */,
			);
			runOnlyForDeploymentPostprocessing = 0;
		};
/* End PBXResourcesBuildPhase section */

/* Begin PBXShellScriptBuildPhase section */
		219465E591F66D6B0BB89A95 /* [CP] Copy Pods Resources */ = {
			isa = PBXShellScriptBuildPhase;
			buildActionMask = 2147483647;
			files = (
			);
			inputFileListPaths = (
				"${PODS_ROOT}/Target Support Files/Pods-QYSMobSDKDemo/Pods-QYSMobSDKDemo-resources-${CONFIGURATION}-input-files.xcfilelist",
			);
			name = "[CP] Copy Pods Resources";
			outputFileListPaths = (
				"${PODS_ROOT}/Target Support Files/Pods-QYSMobSDKDemo/Pods-QYSMobSDKDemo-resources-${CONFIGURATION}-output-files.xcfilelist",
			);
			runOnlyForDeploymentPostprocessing = 0;
			shellPath = /bin/sh;
			shellScript = "\"${PODS_ROOT}/Target Support Files/Pods-QYSMobSDKDemo/Pods-QYSMobSDKDemo-resources.sh\"\n";
			showEnvVarsInLog = 0;
		};
		373A0F0EB2C18C77E167B1F3 /* [CP] Check Pods Manifest.lock */ = {
			isa = PBXShellScriptBuildPhase;
			buildActionMask = 2147483647;
			files = (
			);
			inputFileListPaths = (
			);
			inputPaths = (
				"${PODS_PODFILE_DIR_PATH}/Podfile.lock",
				"${PODS_ROOT}/Manifest.lock",
			);
			name = "[CP] Check Pods Manifest.lock";
			outputFileListPaths = (
			);
			outputPaths = (
				"$(DERIVED_FILE_DIR)/Pods-QYSMobSDKDemo-checkManifestLockResult.txt",
			);
			runOnlyForDeploymentPostprocessing = 0;
			shellPath = /bin/sh;
			shellScript = "diff \"${PODS_PODFILE_DIR_PATH}/Podfile.lock\" \"${PODS_ROOT}/Manifest.lock\" > /dev/null\nif [ $? != 0 ] ; then\n    # print error to STDERR\n    echo \"error: The sandbox is not in sync with the Podfile.lock. Run 'pod install' or update your CocoaPods installation.\" >&2\n    exit 1\nfi\n# This output is used by Xcode 'outputs' to avoid re-running this script phase.\necho \"SUCCESS\" > \"${SCRIPT_OUTPUT_FILE_0}\"\n";
			showEnvVarsInLog = 0;
		};
/* End PBXShellScriptBuildPhase section */

/* Begin PBXSourcesBuildPhase section */
		FB5FC101257DD5F300A81E81 /* Sources */ = {
			isa = PBXSourcesBuildPhase;
			buildActionMask = 2147483647;
			files = (
				FB5FC10A257DD5F300A81E81 /* QYSAppDelegate.m in Sources */,
				FB38E9292580778700E6D32C /* QYSToast.m in Sources */,
				FB38E8FD2580750700E6D32C /* QYSAdViewController.m in Sources */,
				FB38E92B2580778700E6D32C /* QYSBaseNavigationViewController.m in Sources */,
				FB38E92A2580778700E6D32C /* UIView+Toast.m in Sources */,
				FB5FC11B257DD5F500A81E81 /* main.m in Sources */,
			);
			runOnlyForDeploymentPostprocessing = 0;
		};
/* End PBXSourcesBuildPhase section */

/* Begin PBXVariantGroup section */
		FB5FC111257DD5F300A81E81 /* Main.storyboard */ = {
			isa = PBXVariantGroup;
			children = (
				FB5FC112257DD5F300A81E81 /* Base */,
				FB3B77B3257F6DF60010D139 /* zh-Hans */,
			);
			name = Main.storyboard;
			sourceTree = "<group>";
		};
		FB5FC116257DD5F500A81E81 /* LaunchScreen.storyboard */ = {
			isa = PBXVariantGroup;
			children = (
				FB5FC117257DD5F500A81E81 /* Base */,
				FB3B77B4257F6DFB0010D139 /* zh-Hans */,
			);
			name = LaunchScreen.storyboard;
			sourceTree = "<group>";
		};
/* End PBXVariantGroup section */

/* Begin XCBuildConfiguration section */
		FB5FC11C257DD5F500A81E81 /* Debug */ = {
			isa = XCBuildConfiguration;
			buildSettings = {
				ALWAYS_SEARCH_USER_PATHS = NO;
				CLANG_ANALYZER_LOCALIZABILITY_NONLOCALIZED = YES;
				CLANG_ANALYZER_NONNULL = YES;
				CLANG_ANALYZER_NUMBER_OBJECT_CONVERSION = YES_AGGRESSIVE;
				CLANG_CXX_LANGUAGE_STANDARD = "gnu++14";
				CLANG_CXX_LIBRARY = "libc++";
				CLANG_ENABLE_MODULES = YES;
				CLANG_ENABLE_OBJC_ARC = YES;
				CLANG_ENABLE_OBJC_WEAK = YES;
				CLANG_WARN_BLOCK_CAPTURE_AUTORELEASING = YES;
				CLANG_WARN_BOOL_CONVERSION = YES;
				CLANG_WARN_COMMA = YES;
				CLANG_WARN_CONSTANT_CONVERSION = YES;
				CLANG_WARN_DEPRECATED_OBJC_IMPLEMENTATIONS = YES;
				CLANG_WARN_DIRECT_OBJC_ISA_USAGE = YES_ERROR;
				CLANG_WARN_DOCUMENTATION_COMMENTS = YES;
				CLANG_WARN_EMPTY_BODY = YES;
				CLANG_WARN_ENUM_CONVERSION = YES;
				CLANG_WARN_INFINITE_RECURSION = YES;
				CLANG_WARN_INT_CONVERSION = YES;
				CLANG_WARN_NON_LITERAL_NULL_CONVERSION = YES;
				CLANG_WARN_OBJC_IMPLICIT_RETAIN_SELF = YES;
				CLANG_WARN_OBJC_LITERAL_CONVERSION = YES;
				CLANG_WARN_OBJC_ROOT_CLASS = YES_ERROR;
				CLANG_WARN_QUOTED_INCLUDE_IN_FRAMEWORK_HEADER = YES;
				CLANG_WARN_RANGE_LOOP_ANALYSIS = YES;
				CLANG_WARN_STRICT_PROTOTYPES = YES;
				CLANG_WARN_SUSPICIOUS_MOVE = YES;
				CLANG_WARN_UNGUARDED_AVAILABILITY = YES_AGGRESSIVE;
				CLANG_WARN_UNREACHABLE_CODE = YES;
				CLANG_WARN__DUPLICATE_METHOD_MATCH = YES;
				COPY_PHASE_STRIP = NO;
				DEBUG_INFORMATION_FORMAT = dwarf;
				ENABLE_STRICT_OBJC_MSGSEND = YES;
				ENABLE_TESTABILITY = YES;
				GCC_C_LANGUAGE_STANDARD = gnu11;
				GCC_DYNAMIC_NO_PIC = NO;
				GCC_NO_COMMON_BLOCKS = YES;
				GCC_OPTIMIZATION_LEVEL = 0;
				GCC_PREPROCESSOR_DEFINITIONS = (
					"DEBUG=1",
					"$(inherited)",
				);
				GCC_WARN_64_TO_32_BIT_CONVERSION = YES;
				GCC_WARN_ABOUT_RETURN_TYPE = YES_ERROR;
				GCC_WARN_UNDECLARED_SELECTOR = YES;
				GCC_WARN_UNINITIALIZED_AUTOS = YES_AGGRESSIVE;
				GCC_WARN_UNUSED_FUNCTION = YES;
				GCC_WARN_UNUSED_VARIABLE = YES;
				IPHONEOS_DEPLOYMENT_TARGET = 9.0;
				MTL_ENABLE_DEBUG_INFO = INCLUDE_SOURCE;
				MTL_FAST_MATH = YES;
				ONLY_ACTIVE_ARCH = YES;
				SDKROOT = iphoneos;
			};
			name = Debug;
		};
		FB5FC11D257DD5F500A81E81 /* Release */ = {
			isa = XCBuildConfiguration;
			buildSettings = {
				ALWAYS_SEARCH_USER_PATHS = NO;
				CLANG_ANALYZER_LOCALIZABILITY_NONLOCALIZED = YES;
				CLANG_ANALYZER_NONNULL = YES;
				CLANG_ANALYZER_NUMBER_OBJECT_CONVERSION = YES_AGGRESSIVE;
				CLANG_CXX_LANGUAGE_STANDARD = "gnu++14";
				CLANG_CXX_LIBRARY = "libc++";
				CLANG_ENABLE_MODULES = YES;
				CLANG_ENABLE_OBJC_ARC = YES;
				CLANG_ENABLE_OBJC_WEAK = YES;
				CLANG_WARN_BLOCK_CAPTURE_AUTORELEASING = YES;
				CLANG_WARN_BOOL_CONVERSION = YES;
				CLANG_WARN_COMMA = YES;
				CLANG_WARN_CONSTANT_CONVERSION = YES;
				CLANG_WARN_DEPRECATED_OBJC_IMPLEMENTATIONS = YES;
				CLANG_WARN_DIRECT_OBJC_ISA_USAGE = YES_ERROR;
				CLANG_WARN_DOCUMENTATION_COMMENTS = YES;
				CLANG_WARN_EMPTY_BODY = YES;
				CLANG_WARN_ENUM_CONVERSION = YES;
				CLANG_WARN_INFINITE_RECURSION = YES;
				CLANG_WARN_INT_CONVERSION = YES;
				CLANG_WARN_NON_LITERAL_NULL_CONVERSION = YES;
				CLANG_WARN_OBJC_IMPLICIT_RETAIN_SELF = YES;
				CLANG_WARN_OBJC_LITERAL_CONVERSION = YES;
				CLANG_WARN_OBJC_ROOT_CLASS = YES_ERROR;
				CLANG_WARN_QUOTED_INCLUDE_IN_FRAMEWORK_HEADER = YES;
				CLANG_WARN_RANGE_LOOP_ANALYSIS = YES;
				CLANG_WARN_STRICT_PROTOTYPES = YES;
				CLANG_WARN_SUSPICIOUS_MOVE = YES;
				CLANG_WARN_UNGUARDED_AVAILABILITY = YES_AGGRESSIVE;
				CLANG_WARN_UNREACHABLE_CODE = YES;
				CLANG_WARN__DUPLICATE_METHOD_MATCH = YES;
				COPY_PHASE_STRIP = NO;
				DEBUG_INFORMATION_FORMAT = "dwarf-with-dsym";
				ENABLE_NS_ASSERTIONS = NO;
				ENABLE_STRICT_OBJC_MSGSEND = YES;
				GCC_C_LANGUAGE_STANDARD = gnu11;
				GCC_NO_COMMON_BLOCKS = YES;
				GCC_WARN_64_TO_32_BIT_CONVERSION = YES;
				GCC_WARN_ABOUT_RETURN_TYPE = YES_ERROR;
				GCC_WARN_UNDECLARED_SELECTOR = YES;
				GCC_WARN_UNINITIALIZED_AUTOS = YES_AGGRESSIVE;
				GCC_WARN_UNUSED_FUNCTION = YES;
				GCC_WARN_UNUSED_VARIABLE = YES;
				IPHONEOS_DEPLOYMENT_TARGET = 9.0;
				MTL_ENABLE_DEBUG_INFO = NO;
				MTL_FAST_MATH = YES;
				SDKROOT = iphoneos;
				VALIDATE_PRODUCT = YES;
			};
			name = Release;
		};
		FB5FC11F257DD5F500A81E81 /* Debug */ = {
			isa = XCBuildConfiguration;
			baseConfigurationReference = F7A3EA3DB171D6BB0F93A489 /* Pods-QYSMobSDKDemo.debug.xcconfig */;
			buildSettings = {
				ASSETCATALOG_COMPILER_APPICON_NAME = AppIcon;
				ASSETCATALOG_COMPILER_GLOBAL_ACCENT_COLOR_NAME = AccentColor;
				CLANG_WARN_QUOTED_INCLUDE_IN_FRAMEWORK_HEADER = YES_ERROR;
				CODE_SIGN_STYLE = Automatic;
				DEVELOPMENT_TEAM = ACZGY7VC8W;
				ENABLE_BITCODE = NO;
				EXCLUDED_ARCHS = "";
				FRAMEWORK_SEARCH_PATHS = "$(inherited)";
				GCC_PRECOMPILE_PREFIX_HEADER = YES;
				GCC_PREFIX_HEADER = "$(PROJECT_DIR)/$(PRODUCT_NAME)/PrefixHeader_QYSMobDemo.pch";
				INFOPLIST_FILE = QYSMobSDKDemo/Info.plist;
				LD_RUNPATH_SEARCH_PATHS = (
					"$(inherited)",
					"@executable_path/Frameworks",
				);
				LIBRARY_SEARCH_PATHS = "$(inherited)";
				MARKETING_VERSION = 1.2.0;
				OTHER_LDFLAGS = (
					"-ObjC",
					"-l\"c++\"",
					"-l\"c++abi\"",
					"-l\"sqlite3\"",
					"-l\"z\"",
				);
				PRODUCT_BUNDLE_IDENTIFIER = com.quys.FingertipWeather;
				PRODUCT_NAME = "$(TARGET_NAME)";
				TARGETED_DEVICE_FAMILY = 1;
			};
			name = Debug;
		};
		FB5FC120257DD5F500A81E81 /* Release */ = {
			isa = XCBuildConfiguration;
			baseConfigurationReference = BCF91C2077012DC663CFADA3 /* Pods-QYSMobSDKDemo.release.xcconfig */;
			buildSettings = {
				ASSETCATALOG_COMPILER_APPICON_NAME = AppIcon;
				ASSETCATALOG_COMPILER_GLOBAL_ACCENT_COLOR_NAME = AccentColor;
				CLANG_WARN_QUOTED_INCLUDE_IN_FRAMEWORK_HEADER = YES_ERROR;
				CODE_SIGN_STYLE = Automatic;
				DEVELOPMENT_TEAM = ACZGY7VC8W;
				ENABLE_BITCODE = NO;
				EXCLUDED_ARCHS = "";
				FRAMEWORK_SEARCH_PATHS = "$(inherited)";
				GCC_PRECOMPILE_PREFIX_HEADER = YES;
				GCC_PREFIX_HEADER = "$(PROJECT_DIR)/$(PRODUCT_NAME)/PrefixHeader_QYSMobDemo.pch";
				INFOPLIST_FILE = QYSMobSDKDemo/Info.plist;
				LD_RUNPATH_SEARCH_PATHS = (
					"$(inherited)",
					"@executable_path/Frameworks",
				);
				LIBRARY_SEARCH_PATHS = "$(inherited)";
				MARKETING_VERSION = 1.2.0;
				OTHER_LDFLAGS = (
					"-ObjC",
					"-l\"c++\"",
					"-l\"c++abi\"",
					"-l\"sqlite3\"",
					"-l\"z\"",
				);
				PRODUCT_BUNDLE_IDENTIFIER = com.quys.FingertipWeather;
				PRODUCT_NAME = "$(TARGET_NAME)";
				TARGETED_DEVICE_FAMILY = 1;
			};
			name = Release;
		};
/* End XCBuildConfiguration section */

/* Begin XCConfigurationList section */
		FB5FC100257DD5F300A81E81 /* Build configuration list for PBXProject "QYSMobSDKDemo" */ = {
			isa = XCConfigurationList;
			buildConfigurations = (
				FB5FC11C257DD5F500A81E81 /* Debug */,
				FB5FC11D257DD5F500A81E81 /* Release */,
			);
			defaultConfigurationIsVisible = 0;
			defaultConfigurationName = Release;
		};
		FB5FC11E257DD5F500A81E81 /* Build configuration list for PBXNativeTarget "QYSMobSDKDemo" */ = {
			isa = XCConfigurationList;
			buildConfigurations = (
				FB5FC11F257DD5F500A81E81 /* Debug */,
				FB5FC120257DD5F500A81E81 /* Release */,
			);
			defaultConfigurationIsVisible = 0;
			defaultConfigurationName = Release;
		};
/* End XCConfigurationList section */
	};
	rootObject = FB5FC0FD257DD5F300A81E81 /* Project object */;
}
